
Microsoft Visual Studio Solution File, Format Version 12.00
# Visual Studio Version 17
VisualStudioVersion = 17.8.34316.72
MinimumVisualStudioVersion = 10.0.40219.1
Project("{9A19103F-16F7-4668-BE54-9A1E7A4F7556}") = "EMROuterApi", "EMROuterApi\EMROuterApi.csproj", "{F32084BF-9D7E-4533-B9DD-652E9AC08841}"
EndProject
Project("{9A19103F-16F7-4668-BE54-9A1E7A4F7556}") = "Lib", "Lib\Lib.csproj", "{2FBED7C7-FCA9-492C-996D-4791FA2DB398}"
EndProject
Project("{9A19103F-16F7-4668-BE54-9A1E7A4F7556}") = "Lib.Api", "Lib.Api\Lib.Api.csproj", "{6F8CB5D2-EEFA-492F-B970-41D3F19CB109}"
EndProject
Project("{FAE04EC0-301F-11D3-BF4B-00C04F79EFBC}") = "DomainRule", "DomainRule\DomainRule.csproj", "{DA59C4B3-3244-492C-9802-7CFC756C6998}"
EndProject
Global
	GlobalSection(SolutionConfigurationPlatforms) = preSolution
		Debug|Any CPU = Debug|Any CPU
		Release|Any CPU = Release|Any CPU
	EndGlobalSection
	GlobalSection(ProjectConfigurationPlatforms) = postSolution
		{F32084BF-9D7E-4533-B9DD-652E9AC08841}.Debug|Any CPU.ActiveCfg = Debug|Any CPU
		{F32084BF-9D7E-4533-B9DD-652E9AC08841}.Debug|Any CPU.Build.0 = Debug|Any CPU
		{F32084BF-9D7E-4533-B9DD-652E9AC08841}.Release|Any CPU.ActiveCfg = Release|Any CPU
		{F32084BF-9D7E-4533-B9DD-652E9AC08841}.Release|Any CPU.Build.0 = Release|Any CPU
		{2FBED7C7-FCA9-492C-996D-4791FA2DB398}.Debug|Any CPU.ActiveCfg = Debug|Any CPU
		{2FBED7C7-FCA9-492C-996D-4791FA2DB398}.Debug|Any CPU.Build.0 = Debug|Any CPU
		{2FBED7C7-FCA9-492C-996D-4791FA2DB398}.Release|Any CPU.ActiveCfg = Release|Any CPU
		{2FBED7C7-FCA9-492C-996D-4791FA2DB398}.Release|Any CPU.Build.0 = Release|Any CPU
		{6F8CB5D2-EEFA-492F-B970-41D3F19CB109}.Debug|Any CPU.ActiveCfg = Debug|Any CPU
		{6F8CB5D2-EEFA-492F-B970-41D3F19CB109}.Debug|Any CPU.Build.0 = Debug|Any CPU
		{6F8CB5D2-EEFA-492F-B970-41D3F19CB109}.Release|Any CPU.ActiveCfg = Release|Any CPU
		{6F8CB5D2-EEFA-492F-B970-41D3F19CB109}.Release|Any CPU.Build.0 = Release|Any CPU
		{DA59C4B3-3244-492C-9802-7CFC756C6998}.Debug|Any CPU.ActiveCfg = Debug|Any CPU
		{DA59C4B3-3244-492C-9802-7CFC756C6998}.Debug|Any CPU.Build.0 = Debug|Any CPU
		{DA59C4B3-3244-492C-9802-7CFC756C6998}.Release|Any CPU.ActiveCfg = Release|Any CPU
		{DA59C4B3-3244-492C-9802-7CFC756C6998}.Release|Any CPU.Build.0 = Release|Any CPU
	EndGlobalSection
	GlobalSection(SolutionProperties) = preSolution
		HideSolutionNode = FALSE
	EndGlobalSection
	GlobalSection(ExtensibilityGlobals) = postSolution
		SolutionGuid = {239E7B34-7C1D-434C-B3E8-A6B699C507D0}
	EndGlobalSection
EndGlobal
